
Microsoft Visual Studio Solution File, Format Version 12.00
# Visual Studio Version 17
VisualStudioVersion = 17.1.32319.34
MinimumVisualStudioVersion = 10.0.40219.1
Project("{FAE04EC0-301F-11D3-BF4B-00C04F79EFBC}") = "Hashing", "Hashing.csproj", "{75025456-F935-4D58-B1E6-3436FB0A2A67}"
EndProject
Global
	GlobalSection(SolutionConfigurationPlatforms) = preSolution
		Debug|Any CPU = Debug|Any CPU
		Release|Any CPU = Release|Any CPU
	EndGlobalSection
	GlobalSection(ProjectConfigurationPlatforms) = postSolution
		{75025456-F935-4D58-B1E6-3436FB0A2A67}.Debug|Any CPU.ActiveCfg = Debug|Any CPU
		{75025456-F935-4D58-B1E6-3436FB0A2A67}.Debug|Any CPU.Build.0 = Debug|Any CPU
		{75025456-F935-4D58-B1E6-3436FB0A2A67}.Release|Any CPU.ActiveCfg = Release|Any CPU
		{75025456-F935-4D58-B1E6-3436FB0A2A67}.Release|Any CPU.Build.0 = Release|Any CPU
	EndGlobalSection
	GlobalSection(SolutionProperties) = preSolution
		HideSolutionNode = FALSE
	EndGlobalSection
	GlobalSection(ExtensibilityGlobals) = postSolution
		SolutionGuid = {BB6C7629-D5DF-43C4-B9AD-936C1880FF3E}
	EndGlobalSection
EndGlobal
